# THIS IS AN AUTOGENERATED FILE. DO NOT EDIT THIS FILE DIRECTLY.
# yarn lockfile v1


async-validator@~1.8.1:
  version "1.8.5"
  resolved "http://registry.npm.taobao.org/async-validator/download/async-validator-1.8.5.tgz#dc3e08ec1fd0dddb67e60842f02c0cd1cec6d7f0"
  integrity sha1-3D4I7B/Q3dtn5ghC8CwM0c7G1/A=
  dependencies:
    babel-runtime "6.x"

babel-helper-vue-jsx-merge-props@^2.0.0:
  version "2.0.3"
  resolved "http://registry.npm.taobao.org/babel-helper-vue-jsx-merge-props/download/babel-helper-vue-jsx-merge-props-2.0.3.tgz#22aebd3b33902328e513293a8e4992b384f9f1b6"
  integrity sha1-Iq69OzOQIyjlEyk6jkmSs4T58bY=

babel-runtime@6.x:
  version "6.26.0"
  resolved "http://registry.npm.taobao.org/babel-runtime/download/babel-runtime-6.26.0.tgz#965c7058668e82b55d7bfe04ff2337bc8b5647fe"
  integrity sha1-llxwWGaOgrVde/4E/yM3vItWR/4=
  dependencies:
    core-js "^2.4.0"
    regenerator-runtime "^0.11.0"

core-js@^2.4.0:
  version "2.6.5"
  resolved "http://registry.npm.taobao.org/core-js/download/core-js-2.6.5.tgz#44bc8d249e7fb2ff5d00e0341a7ffb94fbf67895"
  integrity sha1-RLyNJJ5/sv9dAOA0Gn/7lPv2eJU=

deepmerge@^1.2.0:
  version "1.5.2"
  resolved "http://registry.npm.taobao.org/deepmerge/download/deepmerge-1.5.2.tgz#10499d868844cdad4fee0842df8c7f6f0c95a753"
  integrity sha1-EEmdhohEza1P7ghC34x/bwyVp1M=

element-ui@^2.7.2:
  version "2.7.2"
  resolved "http://registry.npm.taobao.org/element-ui/download/element-ui-2.7.2.tgz#8bc5bef5c3c53a2170422516b4324e70069c23d1"
  integrity sha1-i8W+9cPFOiFwQiUWtDJOcAacI9E=
  dependencies:
    async-validator "~1.8.1"
    babel-helper-vue-jsx-merge-props "^2.0.0"
    deepmerge "^1.2.0"
    normalize-wheel "^1.0.1"
    resize-observer-polyfill "^1.5.0"
    throttle-debounce "^1.0.1"

normalize-wheel@^1.0.1:
  version "1.0.1"
  resolved "http://registry.npm.taobao.org/normalize-wheel/download/normalize-wheel-1.0.1.tgz#aec886affdb045070d856447df62ecf86146ec45"
  integrity sha1-rsiGr/2wRQcNhWRH32Ls+GFG7EU=

regenerator-runtime@^0.11.0:
  version "0.11.1"
  resolved "http://registry.npm.taobao.org/regenerator-runtime/download/regenerator-runtime-0.11.1.tgz#be05ad7f9bf7d22e056f9726cee5017fbf19e2e9"
  integrity sha1-vgWtf5v30i4Fb5cmzuUBf78Z4uk=

resize-observer-polyfill@^1.5.0:
  version "1.5.1"
  resolved "http://registry.npm.taobao.org/resize-observer-polyfill/download/resize-observer-polyfill-1.5.1.tgz#0e9020dd3d21024458d4ebd27e23e40269810464"
  integrity sha1-DpAg3T0hAkRY1OvSfiPkAmmBBGQ=

throttle-debounce@^1.0.1:
  version "1.1.0"
  resolved "http://registry.npm.taobao.org/throttle-debounce/download/throttle-debounce-1.1.0.tgz#51853da37be68a155cb6e827b3514a3c422e89cd"
  integrity sha1-UYU9o3vmihVctugns1FKPEIuic0=

tslib@^1.9.3:
  version "1.9.3"
  resolved "http://registry.npm.taobao.org/tslib/download/tslib-1.9.3.tgz#d7e4dd79245d85428c4d7e4822a79917954ca286"
  integrity sha1-1+TdeSRdhUKMTX5IIqeZF5VMooY=

typescript@^3.4.3:
  version "3.4.3"
  resolved "http://registry.npm.taobao.org/typescript/download/typescript-3.4.3.tgz?cache=0&other_urls=http%3A%2F%2Fregistry.npm.taobao.org%2Ftypescript%2Fdownload%2Ftypescript-3.4.3.tgz#0eb320e4ace9b10eadf5bc6103286b0f8b7c224f"
  integrity sha1-DrMg5KzpsQ6t9bxhAyhrD4t8Ik8=

vue-class-component@^7.0.1:
  version "7.0.2"
  resolved "http://registry.npm.taobao.org/vue-class-component/download/vue-class-component-7.0.2.tgz#c5f35a91c0e9341532392b84d606a84911fb13bc"
  integrity sha1-xfNakcDpNBUyOSuE1gaoSRH7E7w=

vue-property-decorator@^8.1.0:
  version "8.1.0"
  resolved "http://registry.npm.taobao.org/vue-property-decorator/download/vue-property-decorator-8.1.0.tgz#66493a5350e7f643e852e7698ec2c883554daa79"
  integrity sha1-Zkk6U1Dn9kPoUudpjsLIg1VNqnk=
  dependencies:
    vue-class-component "^7.0.1"

vue@^2.6.10:
  version "2.6.10"
  resolved "http://registry.npm.taobao.org/vue/download/vue-2.6.10.tgz#a72b1a42a4d82a721ea438d1b6bf55e66195c637"
  integrity sha1-pysaQqTYKnIepDjRtr9V5mGVxjc=
